
Microsoft Visual Studio Solution File, Format Version 12.00
# Visual Studio 14
VisualStudioVersion = 14.0.23107.0
MinimumVisualStudioVersion = 10.0.40219.1
Project("{FAE04EC0-301F-11D3-BF4B-00C04F79EFBC}") = "BetterCms.Configuration", "BetterCms.Configuration\BetterCms.Configuration.csproj", "{DA2B225E-6AEE-4465-8B08-4D5B1C1CED49}"
EndProject
Project("{2150E333-8FDC-42A3-9474-1A3956D46DE8}") = "Core", "Core", "{60A36AD8-EAD6-4125-A718-E2D189C523E6}"
EndProject
Project("{FAE04EC0-301F-11D3-BF4B-00C04F79EFBC}") = "BetterCms.Core", "BetterCms.Core\BetterCms.Core.csproj", "{694CA5CA-A0E2-4578-A249-648498B058D7}"
EndProject
Project("{2150E333-8FDC-42A3-9474-1A3956D46DE8}") = "WebMain", "WebMain", "{35B73293-C4D7-4404-99BE-9D7A703D5F5B}"
EndProject
Project("{2150E333-8FDC-42A3-9474-1A3956D46DE8}") = "Modules", "Modules", "{53B82E41-2187-46E7-8DEF-176586213180}"
EndProject
Project("{FAE04EC0-301F-11D3-BF4B-00C04F79EFBC}") = "BetterCms.Module.Root", "Modules\BetterCms.Module.Root\BetterCms.Module.Root.csproj", "{66E7E4DF-EEEA-4B1E-8663-A1B430EB7375}"
EndProject
Project("{FAE04EC0-301F-11D3-BF4B-00C04F79EFBC}") = "BetterCms.Module.Installation", "Modules\BetterCms.Module.Installation\BetterCms.Module.Installation.csproj", "{17BF5CA2-23B6-4796-8EF1-CDDF6D41A4F7}"
EndProject
Project("{2150E333-8FDC-42A3-9474-1A3956D46DE8}") = "API", "API", "{420E97FB-7D01-4232-BDC7-D2434130209B}"
EndProject
Project("{FAE04EC0-301F-11D3-BF4B-00C04F79EFBC}") = "BetterCms.Module.Api", "Modules\BetterCms.Module.Api\BetterCms.Module.Api.csproj", "{5FF9D100-CF25-4899-8D23-8EB9F0C0E102}"
EndProject
Project("{FAE04EC0-301F-11D3-BF4B-00C04F79EFBC}") = "BetterCMS.Module.Api.Abstractions", "Modules\BetterCms.Module.Api.Abstractions\BetterCMS.Module.Api.Abstractions.csproj", "{073E257B-A6A0-42FC-9102-8E920BF54E50}"
EndProject
Project("{FAE04EC0-301F-11D3-BF4B-00C04F79EFBC}") = "BetterCms.Module.Api.Web", "Modules\BetterCms.Module.Api.Web\BetterCms.Module.Api.Web.csproj", "{D12C4811-066A-49EA-9AE7-5E64B128779F}"
EndProject
Project("{FAE04EC0-301F-11D3-BF4B-00C04F79EFBC}") = "BetterCms.Module.Search", "Modules\BetterCMS.Module.Search\BetterCms.Module.Search.csproj", "{B935DD58-18EC-4340-B236-F1DAE4509CC8}"
EndProject
Project("{FAE04EC0-301F-11D3-BF4B-00C04F79EFBC}") = "BetterCms.Module.Search.Api", "Modules\BetterCMS.Module.Search.Api\BetterCms.Module.Search.Api.csproj", "{99A5E4E9-DE5A-4276-AC38-FF003F19BFE6}"
EndProject
Project("{FAE04EC0-301F-11D3-BF4B-00C04F79EFBC}") = "BetterCms.Module.Blog", "Modules\BetterCms.Module.Blog\BetterCms.Module.Blog.csproj", "{A66A3046-EF60-4C51-ADA7-EB055763419B}"
EndProject
Project("{FAE04EC0-301F-11D3-BF4B-00C04F79EFBC}") = "BetterCms.Module.Pages", "Modules\BetterCms.Module.Pages\BetterCms.Module.Pages.csproj", "{FC04D4C2-8688-498F-B546-292C7E3688A9}"
EndProject
Project("{FAE04EC0-301F-11D3-BF4B-00C04F79EFBC}") = "BetterCms.Module.MediaManager", "Modules\BetterCms.Module.MediaManager\BetterCms.Module.MediaManager.csproj", "{F3E41793-E8ED-4BA8-A1AB-CBA1E47B0786}"
EndProject
Project("{FAE04EC0-301F-11D3-BF4B-00C04F79EFBC}") = "BetterCms.Module.Users", "Modules\BetterCms.Module.Users\BetterCms.Module.Users.csproj", "{C530025B-8AB7-402D-B60C-000C9A5D0446}"
EndProject
Project("{2150E333-8FDC-42A3-9474-1A3956D46DE8}") = "BetterModules", "BetterModules", "{86FB94AD-9220-4A16-A06D-7708F9969EC1}"
EndProject
Project("{FAE04EC0-301F-11D3-BF4B-00C04F79EFBC}") = "BetterModules.Core", "BetterModules.Core\BetterModules.Core.csproj", "{C97B2899-5AC5-4528-B205-478D4183676D}"
EndProject
Project("{FAE04EC0-301F-11D3-BF4B-00C04F79EFBC}") = "BetterModules.Core.Web", "BetterModules.Core.Web\BetterModules.Core.Web.csproj", "{C8588325-B702-4785-834F-313C19562871}"
EndProject
Project("{FAE04EC0-301F-11D3-BF4B-00C04F79EFBC}") = "tantumCMS", "tantumCMS\tantumCMS.csproj", "{EA4453BA-91F7-4230-8961-B7AB245915BF}"
EndProject
Global
	GlobalSection(SolutionConfigurationPlatforms) = preSolution
		Debug|Any CPU = Debug|Any CPU
		Dev|Any CPU = Dev|Any CPU
		Release|Any CPU = Release|Any CPU
		Staging|Any CPU = Staging|Any CPU
	EndGlobalSection
	GlobalSection(ProjectConfigurationPlatforms) = postSolution
		{DA2B225E-6AEE-4465-8B08-4D5B1C1CED49}.Debug|Any CPU.ActiveCfg = Debug|Any CPU
		{DA2B225E-6AEE-4465-8B08-4D5B1C1CED49}.Debug|Any CPU.Build.0 = Debug|Any CPU
		{DA2B225E-6AEE-4465-8B08-4D5B1C1CED49}.Dev|Any CPU.ActiveCfg = Dev|Any CPU
		{DA2B225E-6AEE-4465-8B08-4D5B1C1CED49}.Dev|Any CPU.Build.0 = Dev|Any CPU
		{DA2B225E-6AEE-4465-8B08-4D5B1C1CED49}.Release|Any CPU.ActiveCfg = Release|Any CPU
		{DA2B225E-6AEE-4465-8B08-4D5B1C1CED49}.Release|Any CPU.Build.0 = Release|Any CPU
		{DA2B225E-6AEE-4465-8B08-4D5B1C1CED49}.Staging|Any CPU.ActiveCfg = Staging|Any CPU
		{DA2B225E-6AEE-4465-8B08-4D5B1C1CED49}.Staging|Any CPU.Build.0 = Staging|Any CPU
		{694CA5CA-A0E2-4578-A249-648498B058D7}.Debug|Any CPU.ActiveCfg = Debug|Any CPU
		{694CA5CA-A0E2-4578-A249-648498B058D7}.Debug|Any CPU.Build.0 = Debug|Any CPU
		{694CA5CA-A0E2-4578-A249-648498B058D7}.Dev|Any CPU.ActiveCfg = Dev|Any CPU
		{694CA5CA-A0E2-4578-A249-648498B058D7}.Dev|Any CPU.Build.0 = Dev|Any CPU
		{694CA5CA-A0E2-4578-A249-648498B058D7}.Release|Any CPU.ActiveCfg = Release|Any CPU
		{694CA5CA-A0E2-4578-A249-648498B058D7}.Release|Any CPU.Build.0 = Release|Any CPU
		{694CA5CA-A0E2-4578-A249-648498B058D7}.Staging|Any CPU.ActiveCfg = Staging|Any CPU
		{694CA5CA-A0E2-4578-A249-648498B058D7}.Staging|Any CPU.Build.0 = Staging|Any CPU
		{66E7E4DF-EEEA-4B1E-8663-A1B430EB7375}.Debug|Any CPU.ActiveCfg = Debug|Any CPU
		{66E7E4DF-EEEA-4B1E-8663-A1B430EB7375}.Debug|Any CPU.Build.0 = Debug|Any CPU
		{66E7E4DF-EEEA-4B1E-8663-A1B430EB7375}.Dev|Any CPU.ActiveCfg = Dev|Any CPU
		{66E7E4DF-EEEA-4B1E-8663-A1B430EB7375}.Dev|Any CPU.Build.0 = Dev|Any CPU
		{66E7E4DF-EEEA-4B1E-8663-A1B430EB7375}.Release|Any CPU.ActiveCfg = Release|Any CPU
		{66E7E4DF-EEEA-4B1E-8663-A1B430EB7375}.Release|Any CPU.Build.0 = Release|Any CPU
		{66E7E4DF-EEEA-4B1E-8663-A1B430EB7375}.Staging|Any CPU.ActiveCfg = Staging|Any CPU
		{66E7E4DF-EEEA-4B1E-8663-A1B430EB7375}.Staging|Any CPU.Build.0 = Staging|Any CPU
		{17BF5CA2-23B6-4796-8EF1-CDDF6D41A4F7}.Debug|Any CPU.ActiveCfg = Debug|Any CPU
		{17BF5CA2-23B6-4796-8EF1-CDDF6D41A4F7}.Debug|Any CPU.Build.0 = Debug|Any CPU
		{17BF5CA2-23B6-4796-8EF1-CDDF6D41A4F7}.Dev|Any CPU.ActiveCfg = Dev|Any CPU
		{17BF5CA2-23B6-4796-8EF1-CDDF6D41A4F7}.Dev|Any CPU.Build.0 = Dev|Any CPU
		{17BF5CA2-23B6-4796-8EF1-CDDF6D41A4F7}.Release|Any CPU.ActiveCfg = Release|Any CPU
		{17BF5CA2-23B6-4796-8EF1-CDDF6D41A4F7}.Release|Any CPU.Build.0 = Release|Any CPU
		{17BF5CA2-23B6-4796-8EF1-CDDF6D41A4F7}.Staging|Any CPU.ActiveCfg = Staging|Any CPU
		{17BF5CA2-23B6-4796-8EF1-CDDF6D41A4F7}.Staging|Any CPU.Build.0 = Staging|Any CPU
		{5FF9D100-CF25-4899-8D23-8EB9F0C0E102}.Debug|Any CPU.ActiveCfg = Debug|Any CPU
		{5FF9D100-CF25-4899-8D23-8EB9F0C0E102}.Debug|Any CPU.Build.0 = Debug|Any CPU
		{5FF9D100-CF25-4899-8D23-8EB9F0C0E102}.Dev|Any CPU.ActiveCfg = Dev|Any CPU
		{5FF9D100-CF25-4899-8D23-8EB9F0C0E102}.Dev|Any CPU.Build.0 = Dev|Any CPU
		{5FF9D100-CF25-4899-8D23-8EB9F0C0E102}.Release|Any CPU.ActiveCfg = Release|Any CPU
		{5FF9D100-CF25-4899-8D23-8EB9F0C0E102}.Release|Any CPU.Build.0 = Release|Any CPU
		{5FF9D100-CF25-4899-8D23-8EB9F0C0E102}.Staging|Any CPU.ActiveCfg = Staging|Any CPU
		{5FF9D100-CF25-4899-8D23-8EB9F0C0E102}.Staging|Any CPU.Build.0 = Staging|Any CPU
		{073E257B-A6A0-42FC-9102-8E920BF54E50}.Debug|Any CPU.ActiveCfg = Debug|Any CPU
		{073E257B-A6A0-42FC-9102-8E920BF54E50}.Debug|Any CPU.Build.0 = Debug|Any CPU
		{073E257B-A6A0-42FC-9102-8E920BF54E50}.Dev|Any CPU.ActiveCfg = Debug|Any CPU
		{073E257B-A6A0-42FC-9102-8E920BF54E50}.Dev|Any CPU.Build.0 = Debug|Any CPU
		{073E257B-A6A0-42FC-9102-8E920BF54E50}.Release|Any CPU.ActiveCfg = Release|Any CPU
		{073E257B-A6A0-42FC-9102-8E920BF54E50}.Release|Any CPU.Build.0 = Release|Any CPU
		{073E257B-A6A0-42FC-9102-8E920BF54E50}.Staging|Any CPU.ActiveCfg = Release|Any CPU
		{073E257B-A6A0-42FC-9102-8E920BF54E50}.Staging|Any CPU.Build.0 = Release|Any CPU
		{D12C4811-066A-49EA-9AE7-5E64B128779F}.Debug|Any CPU.ActiveCfg = Debug|Any CPU
		{D12C4811-066A-49EA-9AE7-5E64B128779F}.Debug|Any CPU.Build.0 = Debug|Any CPU
		{D12C4811-066A-49EA-9AE7-5E64B128779F}.Dev|Any CPU.ActiveCfg = Dev|Any CPU
		{D12C4811-066A-49EA-9AE7-5E64B128779F}.Dev|Any CPU.Build.0 = Dev|Any CPU
		{D12C4811-066A-49EA-9AE7-5E64B128779F}.Release|Any CPU.ActiveCfg = Release|Any CPU
		{D12C4811-066A-49EA-9AE7-5E64B128779F}.Release|Any CPU.Build.0 = Release|Any CPU
		{D12C4811-066A-49EA-9AE7-5E64B128779F}.Staging|Any CPU.ActiveCfg = Staging|Any CPU
		{D12C4811-066A-49EA-9AE7-5E64B128779F}.Staging|Any CPU.Build.0 = Staging|Any CPU
		{B935DD58-18EC-4340-B236-F1DAE4509CC8}.Debug|Any CPU.ActiveCfg = Debug|Any CPU
		{B935DD58-18EC-4340-B236-F1DAE4509CC8}.Debug|Any CPU.Build.0 = Debug|Any CPU
		{B935DD58-18EC-4340-B236-F1DAE4509CC8}.Dev|Any CPU.ActiveCfg = Dev|Any CPU
		{B935DD58-18EC-4340-B236-F1DAE4509CC8}.Dev|Any CPU.Build.0 = Dev|Any CPU
		{B935DD58-18EC-4340-B236-F1DAE4509CC8}.Release|Any CPU.ActiveCfg = Release|Any CPU
		{B935DD58-18EC-4340-B236-F1DAE4509CC8}.Release|Any CPU.Build.0 = Release|Any CPU
		{B935DD58-18EC-4340-B236-F1DAE4509CC8}.Staging|Any CPU.ActiveCfg = Staging|Any CPU
		{B935DD58-18EC-4340-B236-F1DAE4509CC8}.Staging|Any CPU.Build.0 = Staging|Any CPU
		{99A5E4E9-DE5A-4276-AC38-FF003F19BFE6}.Debug|Any CPU.ActiveCfg = Debug|Any CPU
		{99A5E4E9-DE5A-4276-AC38-FF003F19BFE6}.Debug|Any CPU.Build.0 = Debug|Any CPU
		{99A5E4E9-DE5A-4276-AC38-FF003F19BFE6}.Dev|Any CPU.ActiveCfg = Debug|Any CPU
		{99A5E4E9-DE5A-4276-AC38-FF003F19BFE6}.Dev|Any CPU.Build.0 = Debug|Any CPU
		{99A5E4E9-DE5A-4276-AC38-FF003F19BFE6}.Release|Any CPU.ActiveCfg = Release|Any CPU
		{99A5E4E9-DE5A-4276-AC38-FF003F19BFE6}.Release|Any CPU.Build.0 = Release|Any CPU
		{99A5E4E9-DE5A-4276-AC38-FF003F19BFE6}.Staging|Any CPU.ActiveCfg = Release|Any CPU
		{99A5E4E9-DE5A-4276-AC38-FF003F19BFE6}.Staging|Any CPU.Build.0 = Release|Any CPU
		{A66A3046-EF60-4C51-ADA7-EB055763419B}.Debug|Any CPU.ActiveCfg = Debug|Any CPU
		{A66A3046-EF60-4C51-ADA7-EB055763419B}.Debug|Any CPU.Build.0 = Debug|Any CPU
		{A66A3046-EF60-4C51-ADA7-EB055763419B}.Dev|Any CPU.ActiveCfg = Dev|Any CPU
		{A66A3046-EF60-4C51-ADA7-EB055763419B}.Dev|Any CPU.Build.0 = Dev|Any CPU
		{A66A3046-EF60-4C51-ADA7-EB055763419B}.Release|Any CPU.ActiveCfg = Release|Any CPU
		{A66A3046-EF60-4C51-ADA7-EB055763419B}.Release|Any CPU.Build.0 = Release|Any CPU
		{A66A3046-EF60-4C51-ADA7-EB055763419B}.Staging|Any CPU.ActiveCfg = Staging|Any CPU
		{A66A3046-EF60-4C51-ADA7-EB055763419B}.Staging|Any CPU.Build.0 = Staging|Any CPU
		{FC04D4C2-8688-498F-B546-292C7E3688A9}.Debug|Any CPU.ActiveCfg = Debug|Any CPU
		{FC04D4C2-8688-498F-B546-292C7E3688A9}.Debug|Any CPU.Build.0 = Debug|Any CPU
		{FC04D4C2-8688-498F-B546-292C7E3688A9}.Dev|Any CPU.ActiveCfg = Dev|Any CPU
		{FC04D4C2-8688-498F-B546-292C7E3688A9}.Dev|Any CPU.Build.0 = Dev|Any CPU
		{FC04D4C2-8688-498F-B546-292C7E3688A9}.Release|Any CPU.ActiveCfg = Release|Any CPU
		{FC04D4C2-8688-498F-B546-292C7E3688A9}.Release|Any CPU.Build.0 = Release|Any CPU
		{FC04D4C2-8688-498F-B546-292C7E3688A9}.Staging|Any CPU.ActiveCfg = Staging|Any CPU
		{FC04D4C2-8688-498F-B546-292C7E3688A9}.Staging|Any CPU.Build.0 = Staging|Any CPU
		{F3E41793-E8ED-4BA8-A1AB-CBA1E47B0786}.Debug|Any CPU.ActiveCfg = Debug|Any CPU
		{F3E41793-E8ED-4BA8-A1AB-CBA1E47B0786}.Debug|Any CPU.Build.0 = Debug|Any CPU
		{F3E41793-E8ED-4BA8-A1AB-CBA1E47B0786}.Dev|Any CPU.ActiveCfg = Dev|Any CPU
		{F3E41793-E8ED-4BA8-A1AB-CBA1E47B0786}.Dev|Any CPU.Build.0 = Dev|Any CPU
		{F3E41793-E8ED-4BA8-A1AB-CBA1E47B0786}.Release|Any CPU.ActiveCfg = Release|Any CPU
		{F3E41793-E8ED-4BA8-A1AB-CBA1E47B0786}.Release|Any CPU.Build.0 = Release|Any CPU
		{F3E41793-E8ED-4BA8-A1AB-CBA1E47B0786}.Staging|Any CPU.ActiveCfg = Staging|Any CPU
		{F3E41793-E8ED-4BA8-A1AB-CBA1E47B0786}.Staging|Any CPU.Build.0 = Staging|Any CPU
		{C530025B-8AB7-402D-B60C-000C9A5D0446}.Debug|Any CPU.ActiveCfg = Debug|Any CPU
		{C530025B-8AB7-402D-B60C-000C9A5D0446}.Debug|Any CPU.Build.0 = Debug|Any CPU
		{C530025B-8AB7-402D-B60C-000C9A5D0446}.Dev|Any CPU.ActiveCfg = Dev|Any CPU
		{C530025B-8AB7-402D-B60C-000C9A5D0446}.Dev|Any CPU.Build.0 = Dev|Any CPU
		{C530025B-8AB7-402D-B60C-000C9A5D0446}.Release|Any CPU.ActiveCfg = Release|Any CPU
		{C530025B-8AB7-402D-B60C-000C9A5D0446}.Release|Any CPU.Build.0 = Release|Any CPU
		{C530025B-8AB7-402D-B60C-000C9A5D0446}.Staging|Any CPU.ActiveCfg = Staging|Any CPU
		{C530025B-8AB7-402D-B60C-000C9A5D0446}.Staging|Any CPU.Build.0 = Staging|Any CPU
		{C97B2899-5AC5-4528-B205-478D4183676D}.Debug|Any CPU.ActiveCfg = Debug|Any CPU
		{C97B2899-5AC5-4528-B205-478D4183676D}.Debug|Any CPU.Build.0 = Debug|Any CPU
		{C97B2899-5AC5-4528-B205-478D4183676D}.Dev|Any CPU.ActiveCfg = Debug|Any CPU
		{C97B2899-5AC5-4528-B205-478D4183676D}.Dev|Any CPU.Build.0 = Debug|Any CPU
		{C97B2899-5AC5-4528-B205-478D4183676D}.Release|Any CPU.ActiveCfg = Release|Any CPU
		{C97B2899-5AC5-4528-B205-478D4183676D}.Release|Any CPU.Build.0 = Release|Any CPU
		{C97B2899-5AC5-4528-B205-478D4183676D}.Staging|Any CPU.ActiveCfg = Release|Any CPU
		{C97B2899-5AC5-4528-B205-478D4183676D}.Staging|Any CPU.Build.0 = Release|Any CPU
		{C8588325-B702-4785-834F-313C19562871}.Debug|Any CPU.ActiveCfg = Debug|Any CPU
		{C8588325-B702-4785-834F-313C19562871}.Debug|Any CPU.Build.0 = Debug|Any CPU
		{C8588325-B702-4785-834F-313C19562871}.Dev|Any CPU.ActiveCfg = Debug|Any CPU
		{C8588325-B702-4785-834F-313C19562871}.Dev|Any CPU.Build.0 = Debug|Any CPU
		{C8588325-B702-4785-834F-313C19562871}.Release|Any CPU.ActiveCfg = Release|Any CPU
		{C8588325-B702-4785-834F-313C19562871}.Release|Any CPU.Build.0 = Release|Any CPU
		{C8588325-B702-4785-834F-313C19562871}.Staging|Any CPU.ActiveCfg = Release|Any CPU
		{C8588325-B702-4785-834F-313C19562871}.Staging|Any CPU.Build.0 = Release|Any CPU
		{EA4453BA-91F7-4230-8961-B7AB245915BF}.Debug|Any CPU.ActiveCfg = Debug|Any CPU
		{EA4453BA-91F7-4230-8961-B7AB245915BF}.Debug|Any CPU.Build.0 = Debug|Any CPU
		{EA4453BA-91F7-4230-8961-B7AB245915BF}.Dev|Any CPU.ActiveCfg = Debug|Any CPU
		{EA4453BA-91F7-4230-8961-B7AB245915BF}.Dev|Any CPU.Build.0 = Debug|Any CPU
		{EA4453BA-91F7-4230-8961-B7AB245915BF}.Release|Any CPU.ActiveCfg = Release|Any CPU
		{EA4453BA-91F7-4230-8961-B7AB245915BF}.Release|Any CPU.Build.0 = Release|Any CPU
		{EA4453BA-91F7-4230-8961-B7AB245915BF}.Staging|Any CPU.ActiveCfg = Release|Any CPU
		{EA4453BA-91F7-4230-8961-B7AB245915BF}.Staging|Any CPU.Build.0 = Release|Any CPU
	EndGlobalSection
	GlobalSection(SolutionProperties) = preSolution
		HideSolutionNode = FALSE
	EndGlobalSection
	GlobalSection(NestedProjects) = preSolution
		{DA2B225E-6AEE-4465-8B08-4D5B1C1CED49} = {60A36AD8-EAD6-4125-A718-E2D189C523E6}
		{694CA5CA-A0E2-4578-A249-648498B058D7} = {60A36AD8-EAD6-4125-A718-E2D189C523E6}
		{66E7E4DF-EEEA-4B1E-8663-A1B430EB7375} = {53B82E41-2187-46E7-8DEF-176586213180}
		{17BF5CA2-23B6-4796-8EF1-CDDF6D41A4F7} = {53B82E41-2187-46E7-8DEF-176586213180}
		{420E97FB-7D01-4232-BDC7-D2434130209B} = {53B82E41-2187-46E7-8DEF-176586213180}
		{5FF9D100-CF25-4899-8D23-8EB9F0C0E102} = {420E97FB-7D01-4232-BDC7-D2434130209B}
		{073E257B-A6A0-42FC-9102-8E920BF54E50} = {420E97FB-7D01-4232-BDC7-D2434130209B}
		{D12C4811-066A-49EA-9AE7-5E64B128779F} = {420E97FB-7D01-4232-BDC7-D2434130209B}
		{B935DD58-18EC-4340-B236-F1DAE4509CC8} = {420E97FB-7D01-4232-BDC7-D2434130209B}
		{99A5E4E9-DE5A-4276-AC38-FF003F19BFE6} = {420E97FB-7D01-4232-BDC7-D2434130209B}
		{A66A3046-EF60-4C51-ADA7-EB055763419B} = {53B82E41-2187-46E7-8DEF-176586213180}
		{FC04D4C2-8688-498F-B546-292C7E3688A9} = {53B82E41-2187-46E7-8DEF-176586213180}
		{F3E41793-E8ED-4BA8-A1AB-CBA1E47B0786} = {53B82E41-2187-46E7-8DEF-176586213180}
		{C530025B-8AB7-402D-B60C-000C9A5D0446} = {53B82E41-2187-46E7-8DEF-176586213180}
		{C97B2899-5AC5-4528-B205-478D4183676D} = {86FB94AD-9220-4A16-A06D-7708F9969EC1}
		{C8588325-B702-4785-834F-313C19562871} = {86FB94AD-9220-4A16-A06D-7708F9969EC1}
		{EA4453BA-91F7-4230-8961-B7AB245915BF} = {35B73293-C4D7-4404-99BE-9D7A703D5F5B}
	EndGlobalSection
EndGlobal
